
Microsoft Visual Studio Solution File, Format Version 12.00
# Visual Studio Version 17
VisualStudioVersion = 17.4.33122.133
MinimumVisualStudioVersion = 10.0.40219.1
Project("{FAE04EC0-301F-11D3-BF4B-00C04F79EFBC}") = "TestingApp", "TestingApp\TestingApp.csproj", "{5FB71154-3E4A-4769-A0B3-8A4289164BA1}"
EndProject
Global
	GlobalSection(SolutionConfigurationPlatforms) = preSolution
		Debug|Any CPU = Debug|Any CPU
		Release|Any CPU = Release|Any CPU
	EndGlobalSection
	GlobalSection(ProjectConfigurationPlatforms) = postSolution
		{5FB71154-3E4A-4769-A0B3-8A4289164BA1}.Debug|Any CPU.ActiveCfg = Debug|Any CPU
		{5FB71154-3E4A-4769-A0B3-8A4289164BA1}.Debug|Any CPU.Build.0 = Debug|Any CPU
		{5FB71154-3E4A-4769-A0B3-8A4289164BA1}.Release|Any CPU.ActiveCfg = Release|Any CPU
		{5FB71154-3E4A-4769-A0B3-8A4289164BA1}.Release|Any CPU.Build.0 = Release|Any CPU
	EndGlobalSection
	GlobalSection(SolutionProperties) = preSolution
		HideSolutionNode = FALSE
	EndGlobalSection
	GlobalSection(ExtensibilityGlobals) = postSolution
		SolutionGuid = {E8174FC6-FDC0-485A-90B1-048D9199AA1B}
	EndGlobalSection
EndGlobal
